// !$*UTF8*$!
{
	archiveVersion = 1;
	classes = {
	};
	objectVersion = 50;
	objects = {

/* Begin PBXBuildFile section */
		18147BBE2645C139006C713E /* AppDelegate.swift in Sources */ = {isa = PBXBuildFile; fileRef = 18147BBD2645C139006C713E /* AppDelegate.swift */; };
		18147BC02645C139006C713E /* SceneDelegate.swift in Sources */ = {isa = PBXBuildFile; fileRef = 18147BBF2645C139006C713E /* SceneDelegate.swift */; };
		18147BC72645C13A006C713E /* Assets.xcassets in Resources */ = {isa = PBXBuildFile; fileRef = 18147BC62645C13A006C713E /* Assets.xcassets */; };
		18147BCA2645C13A006C713E /* LaunchScreen.storyboard in Resources */ = {isa = PBXBuildFile; fileRef = 18147BC82645C13A006C713E /* LaunchScreen.storyboard */; };
		18147BD52645C13A006C713E /* PaymentMethodsTests.swift in Sources */ = {isa = PBXBuildFile; fileRef = 18147BD42645C13A006C713E /* PaymentMethodsTests.swift */; };
		18147BE02645C13A006C713E /* PaymentMethodsUITests.swift in Sources */ = {isa = PBXBuildFile; fileRef = 18147BDF2645C13A006C713E /* PaymentMethodsUITests.swift */; };
		18147BF22645C187006C713E /* PaymentMethodsViewController.swift in Sources */ = {isa = PBXBuildFile; fileRef = 18147BF02645C187006C713E /* PaymentMethodsViewController.swift */; };
		18147BF32645C187006C713E /* PaymentMethodsViewController.xib in Resources */ = {isa = PBXBuildFile; fileRef = 18147BF12645C187006C713E /* PaymentMethodsViewController.xib */; };
		18147C0B2645C54F006C713E /* PaymentMethodsInteractor.swift in Sources */ = {isa = PBXBuildFile; fileRef = 18147C0A2645C54F006C713E /* PaymentMethodsInteractor.swift */; };
		18147C132645C5F6006C713E /* NetworkManager.swift in Sources */ = {isa = PBXBuildFile; fileRef = 18147C122645C5F6006C713E /* NetworkManager.swift */; };
		18147C192645CB91006C713E /* PaymentMethod.swift in Sources */ = {isa = PBXBuildFile; fileRef = 18147C182645CB91006C713E /* PaymentMethod.swift */; };
		18147C1E2645CBD8006C713E /* PayemtMethodsResponce.swift in Sources */ = {isa = PBXBuildFile; fileRef = 18147C1D2645CBD8006C713E /* PayemtMethodsResponce.swift */; };
		18147C232645CF7B006C713E /* AppURLS.swift in Sources */ = {isa = PBXBuildFile; fileRef = 18147C222645CF7B006C713E /* AppURLS.swift */; };
		18147C422645D331006C713E /* PaymentMethodsRouter.swift in Sources */ = {isa = PBXBuildFile; fileRef = 18147C412645D331006C713E /* PaymentMethodsRouter.swift */; };
		18147C472645D36A006C713E /* PaymentMethodsContracts.swift in Sources */ = {isa = PBXBuildFile; fileRef = 18147C462645D36A006C713E /* PaymentMethodsContracts.swift */; };
		18147C4C2645D3B6006C713E /* PaymentMethodsPresenter.swift in Sources */ = {isa = PBXBuildFile; fileRef = 18147C4B2645D3B6006C713E /* PaymentMethodsPresenter.swift */; };
		18147C622645D5E6006C713E /* PaymentMethodViewModel.swift in Sources */ = {isa = PBXBuildFile; fileRef = 18147C612645D5E6006C713E /* PaymentMethodViewModel.swift */; };
		18147C682645DE54006C713E /* PaymentMethodTableViewCell.swift in Sources */ = {isa = PBXBuildFile; fileRef = 18147C662645DE54006C713E /* PaymentMethodTableViewCell.swift */; };
		18147C692645DE54006C713E /* PaymentMethodTableViewCell.xib in Resources */ = {isa = PBXBuildFile; fileRef = 18147C672645DE54006C713E /* PaymentMethodTableViewCell.xib */; };
		18147C722645E3B4006C713E /* UIImageView+Extension.swift in Sources */ = {isa = PBXBuildFile; fileRef = 18147C712645E3B4006C713E /* UIImageView+Extension.swift */; };
/* End PBXBuildFile section */

/* Begin PBXContainerItemProxy section */
		18147BD12645C13A006C713E /* PBXContainerItemProxy */ = {
			isa = PBXContainerItemProxy;
			containerPortal = 18147BB22645C139006C713E /* Project object */;
			proxyType = 1;
			remoteGlobalIDString = 18147BB92645C139006C713E;
			remoteInfo = PaymentMethods;
		};
		18147BDC2645C13A006C713E /* PBXContainerItemProxy */ = {
			isa = PBXContainerItemProxy;
			containerPortal = 18147BB22645C139006C713E /* Project object */;
			proxyType = 1;
			remoteGlobalIDString = 18147BB92645C139006C713E;
			remoteInfo = PaymentMethods;
		};
/* End PBXContainerItemProxy section */

/* Begin PBXFileReference section */
		18147BBA2645C139006C713E /* PaymentMethods.app */ = {isa = PBXFileReference; explicitFileType = wrapper.application; includeInIndex = 0; path = PaymentMethods.app; sourceTree = BUILT_PRODUCTS_DIR; };
		18147BBD2645C139006C713E /* AppDelegate.swift */ = {isa = PBXFileReference; lastKnownFileType = sourcecode.swift; path = AppDelegate.swift; sourceTree = "<group>"; };
		18147BBF2645C139006C713E /* SceneDelegate.swift */ = {isa = PBXFileReference; lastKnownFileType = sourcecode.swift; path = SceneDelegate.swift; sourceTree = "<group>"; };
		18147BC62645C13A006C713E /* Assets.xcassets */ = {isa = PBXFileReference; lastKnownFileType = folder.assetcatalog; path = Assets.xcassets; sourceTree = "<group>"; };
		18147BC92645C13A006C713E /* Base */ = {isa = PBXFileReference; lastKnownFileType = file.storyboard; name = Base; path = Base.lproj/LaunchScreen.storyboard; sourceTree = "<group>"; };
		18147BCB2645C13A006C713E /* Info.plist */ = {isa = PBXFileReference; lastKnownFileType = text.plist.xml; path = Info.plist; sourceTree = "<group>"; };
		18147BD02645C13A006C713E /* PaymentMethodsTests.xctest */ = {isa = PBXFileReference; explicitFileType = wrapper.cfbundle; includeInIndex = 0; path = PaymentMethodsTests.xctest; sourceTree = BUILT_PRODUCTS_DIR; };
		18147BD42645C13A006C713E /* PaymentMethodsTests.swift */ = {isa = PBXFileReference; lastKnownFileType = sourcecode.swift; path = PaymentMethodsTests.swift; sourceTree = "<group>"; };
		18147BD62645C13A006C713E /* Info.plist */ = {isa = PBXFileReference; lastKnownFileType = text.plist.xml; path = Info.plist; sourceTree = "<group>"; };
		18147BDB2645C13A006C713E /* PaymentMethodsUITests.xctest */ = {isa = PBXFileReference; explicitFileType = wrapper.cfbundle; includeInIndex = 0; path = PaymentMethodsUITests.xctest; sourceTree = BUILT_PRODUCTS_DIR; };
		18147BDF2645C13A006C713E /* PaymentMethodsUITests.swift */ = {isa = PBXFileReference; lastKnownFileType = sourcecode.swift; path = PaymentMethodsUITests.swift; sourceTree = "<group>"; };
		18147BE12645C13A006C713E /* Info.plist */ = {isa = PBXFileReference; lastKnownFileType = text.plist.xml; path = Info.plist; sourceTree = "<group>"; };
		18147BF02645C187006C713E /* PaymentMethodsViewController.swift */ = {isa = PBXFileReference; lastKnownFileType = sourcecode.swift; path = PaymentMethodsViewController.swift; sourceTree = "<group>"; };
		18147BF12645C187006C713E /* PaymentMethodsViewController.xib */ = {isa = PBXFileReference; lastKnownFileType = file.xib; path = PaymentMethodsViewController.xib; sourceTree = "<group>"; };
		18147C0A2645C54F006C713E /* PaymentMethodsInteractor.swift */ = {isa = PBXFileReference; lastKnownFileType = sourcecode.swift; path = PaymentMethodsInteractor.swift; sourceTree = "<group>"; };
		18147C122645C5F6006C713E /* NetworkManager.swift */ = {isa = PBXFileReference; lastKnownFileType = sourcecode.swift; path = NetworkManager.swift; sourceTree = "<group>"; };
		18147C182645CB91006C713E /* PaymentMethod.swift */ = {isa = PBXFileReference; lastKnownFileType = sourcecode.swift; path = PaymentMethod.swift; sourceTree = "<group>"; };
		18147C1D2645CBD8006C713E /* PayemtMethodsResponce.swift */ = {isa = PBXFileReference; lastKnownFileType = sourcecode.swift; path = PayemtMethodsResponce.swift; sourceTree = "<group>"; };
		18147C222645CF7B006C713E /* AppURLS.swift */ = {isa = PBXFileReference; lastKnownFileType = sourcecode.swift; path = AppURLS.swift; sourceTree = "<group>"; };
		18147C412645D331006C713E /* PaymentMethodsRouter.swift */ = {isa = PBXFileReference; lastKnownFileType = sourcecode.swift; path = PaymentMethodsRouter.swift; sourceTree = "<group>"; };
		18147C462645D36A006C713E /* PaymentMethodsContracts.swift */ = {isa = PBXFileReference; lastKnownFileType = sourcecode.swift; path = PaymentMethodsContracts.swift; sourceTree = "<group>"; };
		18147C4B2645D3B6006C713E /* PaymentMethodsPresenter.swift */ = {isa = PBXFileReference; lastKnownFileType = sourcecode.swift; path = PaymentMethodsPresenter.swift; sourceTree = "<group>"; };
		18147C612645D5E6006C713E /* PaymentMethodViewModel.swift */ = {isa = PBXFileReference; lastKnownFileType = sourcecode.swift; path = PaymentMethodViewModel.swift; sourceTree = "<group>"; };
		18147C662645DE54006C713E /* PaymentMethodTableViewCell.swift */ = {isa = PBXFileReference; lastKnownFileType = sourcecode.swift; path = PaymentMethodTableViewCell.swift; sourceTree = "<group>"; };
		18147C672645DE54006C713E /* PaymentMethodTableViewCell.xib */ = {isa = PBXFileReference; lastKnownFileType = file.xib; path = PaymentMethodTableViewCell.xib; sourceTree = "<group>"; };
		18147C712645E3B4006C713E /* UIImageView+Extension.swift */ = {isa = PBXFileReference; lastKnownFileType = sourcecode.swift; path = "UIImageView+Extension.swift"; sourceTree = "<group>"; };
/* End PBXFileReference section */

/* Begin PBXFrameworksBuildPhase section */
		18147BB72645C139006C713E /* Frameworks */ = {
			isa = PBXFrameworksBuildPhase;
			buildActionMask = 2147483647;
			files = (
			);
			runOnlyForDeploymentPostprocessing = 0;
		};
		18147BCD2645C13A006C713E /* Frameworks */ = {
			isa = PBXFrameworksBuildPhase;
			buildActionMask = 2147483647;
			files = (
			);
			runOnlyForDeploymentPostprocessing = 0;
		};
		18147BD82645C13A006C713E /* Frameworks */ = {
			isa = PBXFrameworksBuildPhase;
			buildActionMask = 2147483647;
			files = (
			);
			runOnlyForDeploymentPostprocessing = 0;
		};
/* End PBXFrameworksBuildPhase section */

/* Begin PBXGroup section */
		18147BB12645C139006C713E = {
			isa = PBXGroup;
			children = (
				18147BBC2645C139006C713E /* PaymentMethods */,
				18147BD32645C13A006C713E /* PaymentMethodsTests */,
				18147BDE2645C13A006C713E /* PaymentMethodsUITests */,
				18147BBB2645C139006C713E /* Products */,
			);
			sourceTree = "<group>";
		};
		18147BBB2645C139006C713E /* Products */ = {
			isa = PBXGroup;
			children = (
				18147BBA2645C139006C713E /* PaymentMethods.app */,
				18147BD02645C13A006C713E /* PaymentMethodsTests.xctest */,
				18147BDB2645C13A006C713E /* PaymentMethodsUITests.xctest */,
			);
			name = Products;
			sourceTree = "<group>";
		};
		18147BBC2645C139006C713E /* PaymentMethods */ = {
			isa = PBXGroup;
			children = (
				18147BBD2645C139006C713E /* AppDelegate.swift */,
				18147BBF2645C139006C713E /* SceneDelegate.swift */,
				18147C222645CF7B006C713E /* AppURLS.swift */,
				18147C712645E3B4006C713E /* UIImageView+Extension.swift */,
				18147C172645CB74006C713E /* Entities */,
				18147C092645C4EB006C713E /* Framework */,
				18147C052645C3A2006C713E /* Presentation */,
				18147BC62645C13A006C713E /* Assets.xcassets */,
				18147BC82645C13A006C713E /* LaunchScreen.storyboard */,
				18147BCB2645C13A006C713E /* Info.plist */,
			);
			path = PaymentMethods;
			sourceTree = "<group>";
		};
		18147BD32645C13A006C713E /* PaymentMethodsTests */ = {
			isa = PBXGroup;
			children = (
				18147BD42645C13A006C713E /* PaymentMethodsTests.swift */,
				18147BD62645C13A006C713E /* Info.plist */,
			);
			path = PaymentMethodsTests;
			sourceTree = "<group>";
		};
		18147BDE2645C13A006C713E /* PaymentMethodsUITests */ = {
			isa = PBXGroup;
			children = (
				18147BDF2645C13A006C713E /* PaymentMethodsUITests.swift */,
				18147BE12645C13A006C713E /* Info.plist */,
			);
			path = PaymentMethodsUITests;
			sourceTree = "<group>";
		};
		18147BF72645C197006C713E /* PaymentMethods */ = {
			isa = PBXGroup;
			children = (
				18147C0A2645C54F006C713E /* PaymentMethodsInteractor.swift */,
				18147BF02645C187006C713E /* PaymentMethodsViewController.swift */,
				18147C462645D36A006C713E /* PaymentMethodsContracts.swift */,
				18147C412645D331006C713E /* PaymentMethodsRouter.swift */,
				18147C4B2645D3B6006C713E /* PaymentMethodsPresenter.swift */,
				18147C6D2645DE61006C713E /* PaymentMethodTableViewCell */,
				18147BF12645C187006C713E /* PaymentMethodsViewController.xib */,
			);
			path = PaymentMethods;
			sourceTree = "<group>";
		};
		18147C052645C3A2006C713E /* Presentation */ = {
			isa = PBXGroup;
			children = (
				18147BF72645C197006C713E /* PaymentMethods */,
			);
			path = Presentation;
			sourceTree = "<group>";
		};
		18147C092645C4EB006C713E /* Framework */ = {
			isa = PBXGroup;
			children = (
				18147C122645C5F6006C713E /* NetworkManager.swift */,
			);
			path = Framework;
			sourceTree = "<group>";
		};
		18147C172645CB74006C713E /* Entities */ = {
			isa = PBXGroup;
			children = (
				18147C602645D5CA006C713E /* ViewModelEntities */,
				18147C542645D58D006C713E /* JsonEntities */,
			);
			path = Entities;
			sourceTree = "<group>";
		};
		18147C542645D58D006C713E /* JsonEntities */ = {
			isa = PBXGroup;
			children = (
				18147C182645CB91006C713E /* PaymentMethod.swift */,
				18147C1D2645CBD8006C713E /* PayemtMethodsResponce.swift */,
			);
			path = JsonEntities;
			sourceTree = "<group>";
		};
		18147C602645D5CA006C713E /* ViewModelEntities */ = {
			isa = PBXGroup;
			children = (
				18147C612645D5E6006C713E /* PaymentMethodViewModel.swift */,
			);
			path = ViewModelEntities;
			sourceTree = "<group>";
		};
		18147C6D2645DE61006C713E /* PaymentMethodTableViewCell */ = {
			isa = PBXGroup;
			children = (
				18147C662645DE54006C713E /* PaymentMethodTableViewCell.swift */,
				18147C672645DE54006C713E /* PaymentMethodTableViewCell.xib */,
			);
			path = PaymentMethodTableViewCell;
			sourceTree = "<group>";
		};
/* End PBXGroup section */

/* Begin PBXNativeTarget section */
		18147BB92645C139006C713E /* PaymentMethods */ = {
			isa = PBXNativeTarget;
			buildConfigurationList = 18147BE42645C13A006C713E /* Build configuration list for PBXNativeTarget "PaymentMethods" */;
			buildPhases = (
				18147BB62645C139006C713E /* Sources */,
				18147BB72645C139006C713E /* Frameworks */,
				18147BB82645C139006C713E /* Resources */,
			);
			buildRules = (
			);
			dependencies = (
			);
			name = PaymentMethods;
			productName = PaymentMethods;
			productReference = 18147BBA2645C139006C713E /* PaymentMethods.app */;
			productType = "com.apple.product-type.application";
		};
		18147BCF2645C13A006C713E /* PaymentMethodsTests */ = {
			isa = PBXNativeTarget;
			buildConfigurationList = 18147BE72645C13A006C713E /* Build configuration list for PBXNativeTarget "PaymentMethodsTests" */;
			buildPhases = (
				18147BCC2645C13A006C713E /* Sources */,
				18147BCD2645C13A006C713E /* Frameworks */,
				18147BCE2645C13A006C713E /* Resources */,
			);
			buildRules = (
			);
			dependencies = (
				18147BD22645C13A006C713E /* PBXTargetDependency */,
			);
			name = PaymentMethodsTests;
			productName = PaymentMethodsTests;
			productReference = 18147BD02645C13A006C713E /* PaymentMethodsTests.xctest */;
			productType = "com.apple.product-type.bundle.unit-test";
		};
		18147BDA2645C13A006C713E /* PaymentMethodsUITests */ = {
			isa = PBXNativeTarget;
			buildConfigurationList = 18147BEA2645C13A006C713E /* Build configuration list for PBXNativeTarget "PaymentMethodsUITests" */;
			buildPhases = (
				18147BD72645C13A006C713E /* Sources */,
				18147BD82645C13A006C713E /* Frameworks */,
				18147BD92645C13A006C713E /* Resources */,
			);
			buildRules = (
			);
			dependencies = (
				18147BDD2645C13A006C713E /* PBXTargetDependency */,
			);
			name = PaymentMethodsUITests;
			productName = PaymentMethodsUITests;
			productReference = 18147BDB2645C13A006C713E /* PaymentMethodsUITests.xctest */;
			productType = "com.apple.product-type.bundle.ui-testing";
		};
/* End PBXNativeTarget section */

/* Begin PBXProject section */
		18147BB22645C139006C713E /* Project object */ = {
			isa = PBXProject;
			attributes = {
				LastSwiftUpdateCheck = 1240;
				LastUpgradeCheck = 1240;
				TargetAttributes = {
					18147BB92645C139006C713E = {
						CreatedOnToolsVersion = 12.4;
					};
					18147BCF2645C13A006C713E = {
						CreatedOnToolsVersion = 12.4;
						TestTargetID = 18147BB92645C139006C713E;
					};
					18147BDA2645C13A006C713E = {
						CreatedOnToolsVersion = 12.4;
						TestTargetID = 18147BB92645C139006C713E;
					};
				};
			};
			buildConfigurationList = 18147BB52645C139006C713E /* Build configuration list for PBXProject "PaymentMethods" */;
			compatibilityVersion = "Xcode 9.3";
			developmentRegion = en;
			hasScannedForEncodings = 0;
			knownRegions = (
				en,
				Base,
			);
			mainGroup = 18147BB12645C139006C713E;
			productRefGroup = 18147BBB2645C139006C713E /* Products */;
			projectDirPath = "";
			projectRoot = "";
			targets = (
				18147BB92645C139006C713E /* PaymentMethods */,
				18147BCF2645C13A006C713E /* PaymentMethodsTests */,
				18147BDA2645C13A006C713E /* PaymentMethodsUITests */,
			);
		};
/* End PBXProject section */

/* Begin PBXResourcesBuildPhase section */
		18147BB82645C139006C713E /* Resources */ = {
			isa = PBXResourcesBuildPhase;
			buildActionMask = 2147483647;
			files = (
				18147BF32645C187006C713E /* PaymentMethodsViewController.xib in Resources */,
				18147C692645DE54006C713E /* PaymentMethodTableViewCell.xib in Resources */,
				18147BCA2645C13A006C713E /* LaunchScreen.storyboard in Resources */,
				18147BC72645C13A006C713E /* Assets.xcassets in Resources */,
			);
			runOnlyForDeploymentPostprocessing = 0;
		};
		18147BCE2645C13A006C713E /* Resources */ = {
			isa = PBXResourcesBuildPhase;
			buildActionMask = 2147483647;
			files = (
			);
			runOnlyForDeploymentPostprocessing = 0;
		};
		18147BD92645C13A006C713E /* Resources */ = {
			isa = PBXResourcesBuildPhase;
			buildActionMask = 2147483647;
			files = (
			);
			runOnlyForDeploymentPostprocessing = 0;
		};
/* End PBXResourcesBuildPhase section */

/* Begin PBXSourcesBuildPhase section */
		18147BB62645C139006C713E /* Sources */ = {
			isa = PBXSourcesBuildPhase;
			buildActionMask = 2147483647;
			files = (
				18147C1E2645CBD8006C713E /* PayemtMethodsResponce.swift in Sources */,
				18147BBE2645C139006C713E /* AppDelegate.swift in Sources */,
				18147C722645E3B4006C713E /* UIImageView+Extension.swift in Sources */,
				18147C0B2645C54F006C713E /* PaymentMethodsInteractor.swift in Sources */,
				18147C132645C5F6006C713E /* NetworkManager.swift in Sources */,
				18147C4C2645D3B6006C713E /* PaymentMethodsPresenter.swift in Sources */,
				18147C422645D331006C713E /* PaymentMethodsRouter.swift in Sources */,
				18147C192645CB91006C713E /* PaymentMethod.swift in Sources */,
				18147BF22645C187006C713E /* PaymentMethodsViewController.swift in Sources */,
				18147C472645D36A006C713E /* PaymentMethodsContracts.swift in Sources */,
				18147BC02645C139006C713E /* SceneDelegate.swift in Sources */,
				18147C622645D5E6006C713E /* PaymentMethodViewModel.swift in Sources */,
				18147C682645DE54006C713E /* PaymentMethodTableViewCell.swift in Sources */,
				18147C232645CF7B006C713E /* AppURLS.swift in Sources */,
			);
			runOnlyForDeploymentPostprocessing = 0;
		};
		18147BCC2645C13A006C713E /* Sources */ = {
			isa = PBXSourcesBuildPhase;
			buildActionMask = 2147483647;
			files = (
				18147BD52645C13A006C713E /* PaymentMethodsTests.swift in Sources */,
			);
			runOnlyForDeploymentPostprocessing = 0;
		};
		18147BD72645C13A006C713E /* Sources */ = {
			isa = PBXSourcesBuildPhase;
			buildActionMask = 2147483647;
			files = (
				18147BE02645C13A006C713E /* PaymentMethodsUITests.swift in Sources */,
			);
			runOnlyForDeploymentPostprocessing = 0;
		};
/* End PBXSourcesBuildPhase section */

/* Begin PBXTargetDependency section */
		18147BD22645C13A006C713E /* PBXTargetDependency */ = {
			isa = PBXTargetDependency;
			target = 18147BB92645C139006C713E /* PaymentMethods */;
			targetProxy = 18147BD12645C13A006C713E /* PBXContainerItemProxy */;
		};
		18147BDD2645C13A006C713E /* PBXTargetDependency */ = {
			isa = PBXTargetDependency;
			target = 18147BB92645C139006C713E /* PaymentMethods */;
			targetProxy = 18147BDC2645C13A006C713E /* PBXContainerItemProxy */;
		};
/* End PBXTargetDependency section */

/* Begin PBXVariantGroup section */
		18147BC82645C13A006C713E /* LaunchScreen.storyboard */ = {
			isa = PBXVariantGroup;
			children = (
				18147BC92645C13A006C713E /* Base */,
			);
			name = LaunchScreen.storyboard;
			sourceTree = "<group>";
		};
/* End PBXVariantGroup section */

/* Begin XCBuildConfiguration section */
		18147BE22645C13A006C713E /* Debug */ = {
			isa = XCBuildConfiguration;
			buildSettings = {
				ALWAYS_SEARCH_USER_PATHS = NO;
				CLANG_ANALYZER_NONNULL = YES;
				CLANG_ANALYZER_NUMBER_OBJECT_CONVERSION = YES_AGGRESSIVE;
				CLANG_CXX_LANGUAGE_STANDARD = "gnu++14";
				CLANG_CXX_LIBRARY = "libc++";
				CLANG_ENABLE_MODULES = YES;
				CLANG_ENABLE_OBJC_ARC = YES;
				CLANG_ENABLE_OBJC_WEAK = YES;
				CLANG_WARN_BLOCK_CAPTURE_AUTORELEASING = YES;
				CLANG_WARN_BOOL_CONVERSION = YES;
				CLANG_WARN_COMMA = YES;
				CLANG_WARN_CONSTANT_CONVERSION = YES;
				CLANG_WARN_DEPRECATED_OBJC_IMPLEMENTATIONS = YES;
				CLANG_WARN_DIRECT_OBJC_ISA_USAGE = YES_ERROR;
				CLANG_WARN_DOCUMENTATION_COMMENTS = YES;
				CLANG_WARN_EMPTY_BODY = YES;
				CLANG_WARN_ENUM_CONVERSION = YES;
				CLANG_WARN_INFINITE_RECURSION = YES;
				CLANG_WARN_INT_CONVERSION = YES;
				CLANG_WARN_NON_LITERAL_NULL_CONVERSION = YES;
				CLANG_WARN_OBJC_IMPLICIT_RETAIN_SELF = YES;
				CLANG_WARN_OBJC_LITERAL_CONVERSION = YES;
				CLANG_WARN_OBJC_ROOT_CLASS = YES_ERROR;
				CLANG_WARN_QUOTED_INCLUDE_IN_FRAMEWORK_HEADER = YES;
				CLANG_WARN_RANGE_LOOP_ANALYSIS = YES;
				CLANG_WARN_STRICT_PROTOTYPES = YES;
				CLANG_WARN_SUSPICIOUS_MOVE = YES;
				CLANG_WARN_UNGUARDED_AVAILABILITY = YES_AGGRESSIVE;
				CLANG_WARN_UNREACHABLE_CODE = YES;
				CLANG_WARN__DUPLICATE_METHOD_MATCH = YES;
				COPY_PHASE_STRIP = NO;
				DEBUG_INFORMATION_FORMAT = dwarf;
				ENABLE_STRICT_OBJC_MSGSEND = YES;
				ENABLE_TESTABILITY = YES;
				GCC_C_LANGUAGE_STANDARD = gnu11;
				GCC_DYNAMIC_NO_PIC = NO;
				GCC_NO_COMMON_BLOCKS = YES;
				GCC_OPTIMIZATION_LEVEL = 0;
				GCC_PREPROCESSOR_DEFINITIONS = (
					"DEBUG=1",
					"$(inherited)",
				);
				GCC_WARN_64_TO_32_BIT_CONVERSION = YES;
				GCC_WARN_ABOUT_RETURN_TYPE = YES_ERROR;
				GCC_WARN_UNDECLARED_SELECTOR = YES;
				GCC_WARN_UNINITIALIZED_AUTOS = YES_AGGRESSIVE;
				GCC_WARN_UNUSED_FUNCTION = YES;
				GCC_WARN_UNUSED_VARIABLE = YES;
				IPHONEOS_DEPLOYMENT_TARGET = 14.4;
				MTL_ENABLE_DEBUG_INFO = INCLUDE_SOURCE;
				MTL_FAST_MATH = YES;
				ONLY_ACTIVE_ARCH = YES;
				SDKROOT = iphoneos;
				SWIFT_ACTIVE_COMPILATION_CONDITIONS = DEBUG;
				SWIFT_OPTIMIZATION_LEVEL = "-Onone";
			};
			name = Debug;
		};
		18147BE32645C13A006C713E /* Release */ = {
			isa = XCBuildConfiguration;
			buildSettings = {
				ALWAYS_SEARCH_USER_PATHS = NO;
				CLANG_ANALYZER_NONNULL = YES;
				CLANG_ANALYZER_NUMBER_OBJECT_CONVERSION = YES_AGGRESSIVE;
				CLANG_CXX_LANGUAGE_STANDARD = "gnu++14";
				CLANG_CXX_LIBRARY = "libc++";
				CLANG_ENABLE_MODULES = YES;
				CLANG_ENABLE_OBJC_ARC = YES;
				CLANG_ENABLE_OBJC_WEAK = YES;
				CLANG_WARN_BLOCK_CAPTURE_AUTORELEASING = YES;
				CLANG_WARN_BOOL_CONVERSION = YES;
				CLANG_WARN_COMMA = YES;
				CLANG_WARN_CONSTANT_CONVERSION = YES;
				CLANG_WARN_DEPRECATED_OBJC_IMPLEMENTATIONS = YES;
				CLANG_WARN_DIRECT_OBJC_ISA_USAGE = YES_ERROR;
				CLANG_WARN_DOCUMENTATION_COMMENTS = YES;
				CLANG_WARN_EMPTY_BODY = YES;
				CLANG_WARN_ENUM_CONVERSION = YES;
				CLANG_WARN_INFINITE_RECURSION = YES;
				CLANG_WARN_INT_CONVERSION = YES;
				CLANG_WARN_NON_LITERAL_NULL_CONVERSION = YES;
				CLANG_WARN_OBJC_IMPLICIT_RETAIN_SELF = YES;
				CLANG_WARN_OBJC_LITERAL_CONVERSION = YES;
				CLANG_WARN_OBJC_ROOT_CLASS = YES_ERROR;
				CLANG_WARN_QUOTED_INCLUDE_IN_FRAMEWORK_HEADER = YES;
				CLANG_WARN_RANGE_LOOP_ANALYSIS = YES;
				CLANG_WARN_STRICT_PROTOTYPES = YES;
				CLANG_WARN_SUSPICIOUS_MOVE = YES;
				CLANG_WARN_UNGUARDED_AVAILABILITY = YES_AGGRESSIVE;
				CLANG_WARN_UNREACHABLE_CODE = YES;
				CLANG_WARN__DUPLICATE_METHOD_MATCH = YES;
				COPY_PHASE_STRIP = NO;
				DEBUG_INFORMATION_FORMAT = "dwarf-with-dsym";
				ENABLE_NS_ASSERTIONS = NO;
				ENABLE_STRICT_OBJC_MSGSEND = YES;
				GCC_C_LANGUAGE_STANDARD = gnu11;
				GCC_NO_COMMON_BLOCKS = YES;
				GCC_WARN_64_TO_32_BIT_CONVERSION = YES;
				GCC_WARN_ABOUT_RETURN_TYPE = YES_ERROR;
				GCC_WARN_UNDECLARED_SELECTOR = YES;
				GCC_WARN_UNINITIALIZED_AUTOS = YES_AGGRESSIVE;
				GCC_WARN_UNUSED_FUNCTION = YES;
				GCC_WARN_UNUSED_VARIABLE = YES;
				IPHONEOS_DEPLOYMENT_TARGET = 14.4;
				MTL_ENABLE_DEBUG_INFO = NO;
				MTL_FAST_MATH = YES;
				SDKROOT = iphoneos;
				SWIFT_COMPILATION_MODE = wholemodule;
				SWIFT_OPTIMIZATION_LEVEL = "-O";
				VALIDATE_PRODUCT = YES;
			};
			name = Release;
		};
		18147BE52645C13A006C713E /* Debug */ = {
			isa = XCBuildConfiguration;
			buildSettings = {
				ASSETCATALOG_COMPILER_APPICON_NAME = AppIcon;
				ASSETCATALOG_COMPILER_GLOBAL_ACCENT_COLOR_NAME = AccentColor;
				CODE_SIGN_STYLE = Automatic;
				INFOPLIST_FILE = PaymentMethods/Info.plist;
				LD_RUNPATH_SEARCH_PATHS = (
					"$(inherited)",
					"@executable_path/Frameworks",
				);
				PRODUCT_BUNDLE_IDENTIFIER = fh.ff.ff.PaymentMethods;
				PRODUCT_NAME = "$(TARGET_NAME)";
				SWIFT_VERSION = 5.0;
				TARGETED_DEVICE_FAMILY = "1,2";
			};
			name = Debug;
		};
		18147BE62645C13A006C713E /* Release */ = {
			isa = XCBuildConfiguration;
			buildSettings = {
				ASSETCATALOG_COMPILER_APPICON_NAME = AppIcon;
				ASSETCATALOG_COMPILER_GLOBAL_ACCENT_COLOR_NAME = AccentColor;
				CODE_SIGN_STYLE = Automatic;
				INFOPLIST_FILE = PaymentMethods/Info.plist;
				LD_RUNPATH_SEARCH_PATHS = (
					"$(inherited)",
					"@executable_path/Frameworks",
				);
				PRODUCT_BUNDLE_IDENTIFIER = fh.ff.ff.PaymentMethods;
				PRODUCT_NAME = "$(TARGET_NAME)";
				SWIFT_VERSION = 5.0;
				TARGETED_DEVICE_FAMILY = "1,2";
			};
			name = Release;
		};
		18147BE82645C13A006C713E /* Debug */ = {
			isa = XCBuildConfiguration;
			buildSettings = {
				ALWAYS_EMBED_SWIFT_STANDARD_LIBRARIES = YES;
				BUNDLE_LOADER = "$(TEST_HOST)";
				CODE_SIGN_STYLE = Automatic;
				INFOPLIST_FILE = PaymentMethodsTests/Info.plist;
				IPHONEOS_DEPLOYMENT_TARGET = 14.4;
				LD_RUNPATH_SEARCH_PATHS = (
					"$(inherited)",
					"@executable_path/Frameworks",
					"@loader_path/Frameworks",
				);
				PRODUCT_BUNDLE_IDENTIFIER = fh.ff.ff.PaymentMethodsTests;
				PRODUCT_NAME = "$(TARGET_NAME)";
				SWIFT_VERSION = 5.0;
				TARGETED_DEVICE_FAMILY = "1,2";
				TEST_HOST = "$(BUILT_PRODUCTS_DIR)/PaymentMethods.app/PaymentMethods";
			};
			name = Debug;
		};
		18147BE92645C13A006C713E /* Release */ = {
			isa = XCBuildConfiguration;
			buildSettings = {
				ALWAYS_EMBED_SWIFT_STANDARD_LIBRARIES = YES;
				BUNDLE_LOADER = "$(TEST_HOST)";
				CODE_SIGN_STYLE = Automatic;
				INFOPLIST_FILE = PaymentMethodsTests/Info.plist;
				IPHONEOS_DEPLOYMENT_TARGET = 14.4;
				LD_RUNPATH_SEARCH_PATHS = (
					"$(inherited)",
					"@executable_path/Frameworks",
					"@loader_path/Frameworks",
				);
				PRODUCT_BUNDLE_IDENTIFIER = fh.ff.ff.PaymentMethodsTests;
				PRODUCT_NAME = "$(TARGET_NAME)";
				SWIFT_VERSION = 5.0;
				TARGETED_DEVICE_FAMILY = "1,2";
				TEST_HOST = "$(BUILT_PRODUCTS_DIR)/PaymentMethods.app/PaymentMethods";
			};
			name = Release;
		};
		18147BEB2645C13A006C713E /* Debug */ = {
			isa = XCBuildConfiguration;
			buildSettings = {
				ALWAYS_EMBED_SWIFT_STANDARD_LIBRARIES = YES;
				CODE_SIGN_STYLE = Automatic;
				INFOPLIST_FILE = PaymentMethodsUITests/Info.plist;
				LD_RUNPATH_SEARCH_PATHS = (
					"$(inherited)",
					"@executable_path/Frameworks",
					"@loader_path/Frameworks",
				);
				PRODUCT_BUNDLE_IDENTIFIER = fh.ff.ff.PaymentMethodsUITests;
				PRODUCT_NAME = "$(TARGET_NAME)";
				SWIFT_VERSION = 5.0;
				TARGETED_DEVICE_FAMILY = "1,2";
				TEST_TARGET_NAME = PaymentMethods;
			};
			name = Debug;
		};
		18147BEC2645C13A006C713E /* Release */ = {
			isa = XCBuildConfiguration;
			buildSettings = {
				ALWAYS_EMBED_SWIFT_STANDARD_LIBRARIES = YES;
				CODE_SIGN_STYLE = Automatic;
				INFOPLIST_FILE = PaymentMethodsUITests/Info.plist;
				LD_RUNPATH_SEARCH_PATHS = (
					"$(inherited)",
					"@executable_path/Frameworks",
					"@loader_path/Frameworks",
				);
				PRODUCT_BUNDLE_IDENTIFIER = fh.ff.ff.PaymentMethodsUITests;
				PRODUCT_NAME = "$(TARGET_NAME)";
				SWIFT_VERSION = 5.0;
				TARGETED_DEVICE_FAMILY = "1,2";
				TEST_TARGET_NAME = PaymentMethods;
			};
			name = Release;
		};
/* End XCBuildConfiguration section */

/* Begin XCConfigurationList section */
		18147BB52645C139006C713E /* Build configuration list for PBXProject "PaymentMethods" */ = {
			isa = XCConfigurationList;
			buildConfigurations = (
				18147BE22645C13A006C713E /* Debug */,
				18147BE32645C13A006C713E /* Release */,
			);
			defaultConfigurationIsVisible = 0;
			defaultConfigurationName = Release;
		};
		18147BE42645C13A006C713E /* Build configuration list for PBXNativeTarget "PaymentMethods" */ = {
			isa = XCConfigurationList;
			buildConfigurations = (
				18147BE52645C13A006C713E /* Debug */,
				18147BE62645C13A006C713E /* Release */,
			);
			defaultConfigurationIsVisible = 0;
			defaultConfigurationName = Release;
		};
		18147BE72645C13A006C713E /* Build configuration list for PBXNativeTarget "PaymentMethodsTests" */ = {
			isa = XCConfigurationList;
			buildConfigurations = (
				18147BE82645C13A006C713E /* Debug */,
				18147BE92645C13A006C713E /* Release */,
			);
			defaultConfigurationIsVisible = 0;
			defaultConfigurationName = Release;
		};
		18147BEA2645C13A006C713E /* Build configuration list for PBXNativeTarget "PaymentMethodsUITests" */ = {
			isa = XCConfigurationList;
			buildConfigurations = (
				18147BEB2645C13A006C713E /* Debug */,
				18147BEC2645C13A006C713E /* Release */,
			);
			defaultConfigurationIsVisible = 0;
			defaultConfigurationName = Release;
		};
/* End XCConfigurationList section */
	};
	rootObject = 18147BB22645C139006C713E /* Project object */;
}
